
Microsoft Visual Studio Solution File, Format Version 12.00
# Visual Studio 15
VisualStudioVersion = 15.0.26124.0
MinimumVisualStudioVersion = 15.0.26124.0
Project("{FAE04EC0-301F-11D3-BF4B-00C04F79EFBC}") = "Example.FileAccess", "Example.FileAccess\Example.FileAccess.csproj", "{3CE6539A-E5B8-4B27-9770-E23C8D4A0721}"
EndProject
Project("{FAE04EC0-301F-11D3-BF4B-00C04F79EFBC}") = "Example.Injection", "Example.Injection\Example.Injection.csproj", "{58C9A768-4F29-42A6-A712-21369640D543}"
EndProject
Project("{FAE04EC0-301F-11D3-BF4B-00C04F79EFBC}") = "Example.Interfaces", "Example.Interfaces\Example.Interfaces.csproj", "{69F3EEF4-0B20-4359-91F6-19B1AC8F2F10}"
EndProject
Project("{FAE04EC0-301F-11D3-BF4B-00C04F79EFBC}") = "Example.Logging", "Example.Logging\Example.Logging.csproj", "{352EFC14-F584-4923-951D-0F2400A25226}"
EndProject
Project("{FAE04EC0-301F-11D3-BF4B-00C04F79EFBC}") = "Example.SqlAccess", "Example.SqlAccess\Example.SqlAccess.csproj", "{2121AC0B-B24A-4865-88D2-688BD34D806D}"
EndProject
Project("{FAE04EC0-301F-11D3-BF4B-00C04F79EFBC}") = "Example.Models", "Example.Models\Example.Models.csproj", "{6DB7C689-FB79-4251-8F9D-155E2A0EFD2E}"
EndProject
Project("{FAE04EC0-301F-11D3-BF4B-00C04F79EFBC}") = "Example.CounterServices", "Example.CounterServices\Example.CounterServices.csproj", "{3D61C508-F790-4542-927E-3A05766D8D4B}"
EndProject
Project("{FAE04EC0-301F-11D3-BF4B-00C04F79EFBC}") = "Example.SimpleInjectionHost", "Example.SimpleInjectionHost\Example.SimpleInjectionHost.csproj", "{FE152194-8BE6-4A43-8AD2-F428D5833C70}"
EndProject
Project("{FAE04EC0-301F-11D3-BF4B-00C04F79EFBC}") = "Example.AutoInjectionHost", "Example.AutoInjectionHost\Example.AutoInjectionHost.csproj", "{D3EA2C58-8584-4A00-856A-AB91E50A4300}"
EndProject
Global
	GlobalSection(SolutionConfigurationPlatforms) = preSolution
		Debug|Any CPU = Debug|Any CPU
		Debug|x64 = Debug|x64
		Debug|x86 = Debug|x86
		Release|Any CPU = Release|Any CPU
		Release|x64 = Release|x64
		Release|x86 = Release|x86
	EndGlobalSection
	GlobalSection(SolutionProperties) = preSolution
		HideSolutionNode = FALSE
	EndGlobalSection
	GlobalSection(ProjectConfigurationPlatforms) = postSolution
		{3CE6539A-E5B8-4B27-9770-E23C8D4A0721}.Debug|Any CPU.ActiveCfg = Debug|Any CPU
		{3CE6539A-E5B8-4B27-9770-E23C8D4A0721}.Debug|Any CPU.Build.0 = Debug|Any CPU
		{3CE6539A-E5B8-4B27-9770-E23C8D4A0721}.Debug|x64.ActiveCfg = Debug|Any CPU
		{3CE6539A-E5B8-4B27-9770-E23C8D4A0721}.Debug|x64.Build.0 = Debug|Any CPU
		{3CE6539A-E5B8-4B27-9770-E23C8D4A0721}.Debug|x86.ActiveCfg = Debug|Any CPU
		{3CE6539A-E5B8-4B27-9770-E23C8D4A0721}.Debug|x86.Build.0 = Debug|Any CPU
		{3CE6539A-E5B8-4B27-9770-E23C8D4A0721}.Release|Any CPU.ActiveCfg = Release|Any CPU
		{3CE6539A-E5B8-4B27-9770-E23C8D4A0721}.Release|Any CPU.Build.0 = Release|Any CPU
		{3CE6539A-E5B8-4B27-9770-E23C8D4A0721}.Release|x64.ActiveCfg = Release|Any CPU
		{3CE6539A-E5B8-4B27-9770-E23C8D4A0721}.Release|x64.Build.0 = Release|Any CPU
		{3CE6539A-E5B8-4B27-9770-E23C8D4A0721}.Release|x86.ActiveCfg = Release|Any CPU
		{3CE6539A-E5B8-4B27-9770-E23C8D4A0721}.Release|x86.Build.0 = Release|Any CPU
		{58C9A768-4F29-42A6-A712-21369640D543}.Debug|Any CPU.ActiveCfg = Debug|Any CPU
		{58C9A768-4F29-42A6-A712-21369640D543}.Debug|Any CPU.Build.0 = Debug|Any CPU
		{58C9A768-4F29-42A6-A712-21369640D543}.Debug|x64.ActiveCfg = Debug|Any CPU
		{58C9A768-4F29-42A6-A712-21369640D543}.Debug|x64.Build.0 = Debug|Any CPU
		{58C9A768-4F29-42A6-A712-21369640D543}.Debug|x86.ActiveCfg = Debug|Any CPU
		{58C9A768-4F29-42A6-A712-21369640D543}.Debug|x86.Build.0 = Debug|Any CPU
		{58C9A768-4F29-42A6-A712-21369640D543}.Release|Any CPU.ActiveCfg = Release|Any CPU
		{58C9A768-4F29-42A6-A712-21369640D543}.Release|Any CPU.Build.0 = Release|Any CPU
		{58C9A768-4F29-42A6-A712-21369640D543}.Release|x64.ActiveCfg = Release|Any CPU
		{58C9A768-4F29-42A6-A712-21369640D543}.Release|x64.Build.0 = Release|Any CPU
		{58C9A768-4F29-42A6-A712-21369640D543}.Release|x86.ActiveCfg = Release|Any CPU
		{58C9A768-4F29-42A6-A712-21369640D543}.Release|x86.Build.0 = Release|Any CPU
		{69F3EEF4-0B20-4359-91F6-19B1AC8F2F10}.Debug|Any CPU.ActiveCfg = Debug|Any CPU
		{69F3EEF4-0B20-4359-91F6-19B1AC8F2F10}.Debug|Any CPU.Build.0 = Debug|Any CPU
		{69F3EEF4-0B20-4359-91F6-19B1AC8F2F10}.Debug|x64.ActiveCfg = Debug|Any CPU
		{69F3EEF4-0B20-4359-91F6-19B1AC8F2F10}.Debug|x64.Build.0 = Debug|Any CPU
		{69F3EEF4-0B20-4359-91F6-19B1AC8F2F10}.Debug|x86.ActiveCfg = Debug|Any CPU
		{69F3EEF4-0B20-4359-91F6-19B1AC8F2F10}.Debug|x86.Build.0 = Debug|Any CPU
		{69F3EEF4-0B20-4359-91F6-19B1AC8F2F10}.Release|Any CPU.ActiveCfg = Release|Any CPU
		{69F3EEF4-0B20-4359-91F6-19B1AC8F2F10}.Release|Any CPU.Build.0 = Release|Any CPU
		{69F3EEF4-0B20-4359-91F6-19B1AC8F2F10}.Release|x64.ActiveCfg = Release|Any CPU
		{69F3EEF4-0B20-4359-91F6-19B1AC8F2F10}.Release|x64.Build.0 = Release|Any CPU
		{69F3EEF4-0B20-4359-91F6-19B1AC8F2F10}.Release|x86.ActiveCfg = Release|Any CPU
		{69F3EEF4-0B20-4359-91F6-19B1AC8F2F10}.Release|x86.Build.0 = Release|Any CPU
		{352EFC14-F584-4923-951D-0F2400A25226}.Debug|Any CPU.ActiveCfg = Debug|Any CPU
		{352EFC14-F584-4923-951D-0F2400A25226}.Debug|Any CPU.Build.0 = Debug|Any CPU
		{352EFC14-F584-4923-951D-0F2400A25226}.Debug|x64.ActiveCfg = Debug|Any CPU
		{352EFC14-F584-4923-951D-0F2400A25226}.Debug|x64.Build.0 = Debug|Any CPU
		{352EFC14-F584-4923-951D-0F2400A25226}.Debug|x86.ActiveCfg = Debug|Any CPU
		{352EFC14-F584-4923-951D-0F2400A25226}.Debug|x86.Build.0 = Debug|Any CPU
		{352EFC14-F584-4923-951D-0F2400A25226}.Release|Any CPU.ActiveCfg = Release|Any CPU
		{352EFC14-F584-4923-951D-0F2400A25226}.Release|Any CPU.Build.0 = Release|Any CPU
		{352EFC14-F584-4923-951D-0F2400A25226}.Release|x64.ActiveCfg = Release|Any CPU
		{352EFC14-F584-4923-951D-0F2400A25226}.Release|x64.Build.0 = Release|Any CPU
		{352EFC14-F584-4923-951D-0F2400A25226}.Release|x86.ActiveCfg = Release|Any CPU
		{352EFC14-F584-4923-951D-0F2400A25226}.Release|x86.Build.0 = Release|Any CPU
		{2121AC0B-B24A-4865-88D2-688BD34D806D}.Debug|Any CPU.ActiveCfg = Debug|Any CPU
		{2121AC0B-B24A-4865-88D2-688BD34D806D}.Debug|Any CPU.Build.0 = Debug|Any CPU
		{2121AC0B-B24A-4865-88D2-688BD34D806D}.Debug|x64.ActiveCfg = Debug|Any CPU
		{2121AC0B-B24A-4865-88D2-688BD34D806D}.Debug|x64.Build.0 = Debug|Any CPU
		{2121AC0B-B24A-4865-88D2-688BD34D806D}.Debug|x86.ActiveCfg = Debug|Any CPU
		{2121AC0B-B24A-4865-88D2-688BD34D806D}.Debug|x86.Build.0 = Debug|Any CPU
		{2121AC0B-B24A-4865-88D2-688BD34D806D}.Release|Any CPU.ActiveCfg = Release|Any CPU
		{2121AC0B-B24A-4865-88D2-688BD34D806D}.Release|Any CPU.Build.0 = Release|Any CPU
		{2121AC0B-B24A-4865-88D2-688BD34D806D}.Release|x64.ActiveCfg = Release|Any CPU
		{2121AC0B-B24A-4865-88D2-688BD34D806D}.Release|x64.Build.0 = Release|Any CPU
		{2121AC0B-B24A-4865-88D2-688BD34D806D}.Release|x86.ActiveCfg = Release|Any CPU
		{2121AC0B-B24A-4865-88D2-688BD34D806D}.Release|x86.Build.0 = Release|Any CPU
		{6DB7C689-FB79-4251-8F9D-155E2A0EFD2E}.Debug|Any CPU.ActiveCfg = Debug|Any CPU
		{6DB7C689-FB79-4251-8F9D-155E2A0EFD2E}.Debug|Any CPU.Build.0 = Debug|Any CPU
		{6DB7C689-FB79-4251-8F9D-155E2A0EFD2E}.Debug|x64.ActiveCfg = Debug|Any CPU
		{6DB7C689-FB79-4251-8F9D-155E2A0EFD2E}.Debug|x64.Build.0 = Debug|Any CPU
		{6DB7C689-FB79-4251-8F9D-155E2A0EFD2E}.Debug|x86.ActiveCfg = Debug|Any CPU
		{6DB7C689-FB79-4251-8F9D-155E2A0EFD2E}.Debug|x86.Build.0 = Debug|Any CPU
		{6DB7C689-FB79-4251-8F9D-155E2A0EFD2E}.Release|Any CPU.ActiveCfg = Release|Any CPU
		{6DB7C689-FB79-4251-8F9D-155E2A0EFD2E}.Release|Any CPU.Build.0 = Release|Any CPU
		{6DB7C689-FB79-4251-8F9D-155E2A0EFD2E}.Release|x64.ActiveCfg = Release|Any CPU
		{6DB7C689-FB79-4251-8F9D-155E2A0EFD2E}.Release|x64.Build.0 = Release|Any CPU
		{6DB7C689-FB79-4251-8F9D-155E2A0EFD2E}.Release|x86.ActiveCfg = Release|Any CPU
		{6DB7C689-FB79-4251-8F9D-155E2A0EFD2E}.Release|x86.Build.0 = Release|Any CPU
		{3D61C508-F790-4542-927E-3A05766D8D4B}.Debug|Any CPU.ActiveCfg = Debug|Any CPU
		{3D61C508-F790-4542-927E-3A05766D8D4B}.Debug|Any CPU.Build.0 = Debug|Any CPU
		{3D61C508-F790-4542-927E-3A05766D8D4B}.Debug|x64.ActiveCfg = Debug|Any CPU
		{3D61C508-F790-4542-927E-3A05766D8D4B}.Debug|x64.Build.0 = Debug|Any CPU
		{3D61C508-F790-4542-927E-3A05766D8D4B}.Debug|x86.ActiveCfg = Debug|Any CPU
		{3D61C508-F790-4542-927E-3A05766D8D4B}.Debug|x86.Build.0 = Debug|Any CPU
		{3D61C508-F790-4542-927E-3A05766D8D4B}.Release|Any CPU.ActiveCfg = Release|Any CPU
		{3D61C508-F790-4542-927E-3A05766D8D4B}.Release|Any CPU.Build.0 = Release|Any CPU
		{3D61C508-F790-4542-927E-3A05766D8D4B}.Release|x64.ActiveCfg = Release|Any CPU
		{3D61C508-F790-4542-927E-3A05766D8D4B}.Release|x64.Build.0 = Release|Any CPU
		{3D61C508-F790-4542-927E-3A05766D8D4B}.Release|x86.ActiveCfg = Release|Any CPU
		{3D61C508-F790-4542-927E-3A05766D8D4B}.Release|x86.Build.0 = Release|Any CPU
		{FE152194-8BE6-4A43-8AD2-F428D5833C70}.Debug|Any CPU.ActiveCfg = Debug|Any CPU
		{FE152194-8BE6-4A43-8AD2-F428D5833C70}.Debug|Any CPU.Build.0 = Debug|Any CPU
		{FE152194-8BE6-4A43-8AD2-F428D5833C70}.Debug|x64.ActiveCfg = Debug|Any CPU
		{FE152194-8BE6-4A43-8AD2-F428D5833C70}.Debug|x64.Build.0 = Debug|Any CPU
		{FE152194-8BE6-4A43-8AD2-F428D5833C70}.Debug|x86.ActiveCfg = Debug|Any CPU
		{FE152194-8BE6-4A43-8AD2-F428D5833C70}.Debug|x86.Build.0 = Debug|Any CPU
		{FE152194-8BE6-4A43-8AD2-F428D5833C70}.Release|Any CPU.ActiveCfg = Release|Any CPU
		{FE152194-8BE6-4A43-8AD2-F428D5833C70}.Release|Any CPU.Build.0 = Release|Any CPU
		{FE152194-8BE6-4A43-8AD2-F428D5833C70}.Release|x64.ActiveCfg = Release|Any CPU
		{FE152194-8BE6-4A43-8AD2-F428D5833C70}.Release|x64.Build.0 = Release|Any CPU
		{FE152194-8BE6-4A43-8AD2-F428D5833C70}.Release|x86.ActiveCfg = Release|Any CPU
		{FE152194-8BE6-4A43-8AD2-F428D5833C70}.Release|x86.Build.0 = Release|Any CPU
		{D3EA2C58-8584-4A00-856A-AB91E50A4300}.Debug|Any CPU.ActiveCfg = Debug|Any CPU
		{D3EA2C58-8584-4A00-856A-AB91E50A4300}.Debug|Any CPU.Build.0 = Debug|Any CPU
		{D3EA2C58-8584-4A00-856A-AB91E50A4300}.Debug|x64.ActiveCfg = Debug|Any CPU
		{D3EA2C58-8584-4A00-856A-AB91E50A4300}.Debug|x64.Build.0 = Debug|Any CPU
		{D3EA2C58-8584-4A00-856A-AB91E50A4300}.Debug|x86.ActiveCfg = Debug|Any CPU
		{D3EA2C58-8584-4A00-856A-AB91E50A4300}.Debug|x86.Build.0 = Debug|Any CPU
		{D3EA2C58-8584-4A00-856A-AB91E50A4300}.Release|Any CPU.ActiveCfg = Release|Any CPU
		{D3EA2C58-8584-4A00-856A-AB91E50A4300}.Release|Any CPU.Build.0 = Release|Any CPU
		{D3EA2C58-8584-4A00-856A-AB91E50A4300}.Release|x64.ActiveCfg = Release|Any CPU
		{D3EA2C58-8584-4A00-856A-AB91E50A4300}.Release|x64.Build.0 = Release|Any CPU
		{D3EA2C58-8584-4A00-856A-AB91E50A4300}.Release|x86.ActiveCfg = Release|Any CPU
		{D3EA2C58-8584-4A00-856A-AB91E50A4300}.Release|x86.Build.0 = Release|Any CPU
	EndGlobalSection
EndGlobal
